
Microsoft Visual Studio Solution File, Format Version 12.00
# Visual Studio Version 16
VisualStudioVersion = 16.0.29609.76
MinimumVisualStudioVersion = 15.0.26124.0
Project("{9A19103F-16F7-4668-BE54-9A1E7A4F7556}") = "WebApp30", "src\WebApp30\WebApp30.csproj", "{9FA3747A-3434-4568-9C8B-878F3F503660}"
EndProject
Project("{E53339B2-1760-4266-BCC7-CA923CBCF16C}") = "docker-compose", "docker-compose.dcproj", "{2D66401E-F715-431E-971A-9610821DF9B8}"
EndProject
Global
	GlobalSection(SolutionConfigurationPlatforms) = preSolution
		Debug|Any CPU = Debug|Any CPU
		Debug|x64 = Debug|x64
		Debug|x86 = Debug|x86
		Release|Any CPU = Release|Any CPU
		Release|x64 = Release|x64
		Release|x86 = Release|x86
	EndGlobalSection
	GlobalSection(ProjectConfigurationPlatforms) = postSolution
		{9FA3747A-3434-4568-9C8B-878F3F503660}.Debug|Any CPU.ActiveCfg = Debug|Any CPU
		{9FA3747A-3434-4568-9C8B-878F3F503660}.Debug|Any CPU.Build.0 = Debug|Any CPU
		{9FA3747A-3434-4568-9C8B-878F3F503660}.Debug|x64.ActiveCfg = Debug|Any CPU
		{9FA3747A-3434-4568-9C8B-878F3F503660}.Debug|x64.Build.0 = Debug|Any CPU
		{9FA3747A-3434-4568-9C8B-878F3F503660}.Debug|x86.ActiveCfg = Debug|Any CPU
		{9FA3747A-3434-4568-9C8B-878F3F503660}.Debug|x86.Build.0 = Debug|Any CPU
		{9FA3747A-3434-4568-9C8B-878F3F503660}.Release|Any CPU.ActiveCfg = Release|Any CPU
		{9FA3747A-3434-4568-9C8B-878F3F503660}.Release|Any CPU.Build.0 = Release|Any CPU
		{9FA3747A-3434-4568-9C8B-878F3F503660}.Release|x64.ActiveCfg = Release|Any CPU
		{9FA3747A-3434-4568-9C8B-878F3F503660}.Release|x64.Build.0 = Release|Any CPU
		{9FA3747A-3434-4568-9C8B-878F3F503660}.Release|x86.ActiveCfg = Release|Any CPU
		{9FA3747A-3434-4568-9C8B-878F3F503660}.Release|x86.Build.0 = Release|Any CPU
		{2D66401E-F715-431E-971A-9610821DF9B8}.Debug|Any CPU.ActiveCfg = Debug|Any CPU
		{2D66401E-F715-431E-971A-9610821DF9B8}.Debug|Any CPU.Build.0 = Debug|Any CPU
		{2D66401E-F715-431E-971A-9610821DF9B8}.Debug|x64.ActiveCfg = Debug|Any CPU
		{2D66401E-F715-431E-971A-9610821DF9B8}.Debug|x64.Build.0 = Debug|Any CPU
		{2D66401E-F715-431E-971A-9610821DF9B8}.Debug|x86.ActiveCfg = Debug|Any CPU
		{2D66401E-F715-431E-971A-9610821DF9B8}.Debug|x86.Build.0 = Debug|Any CPU
		{2D66401E-F715-431E-971A-9610821DF9B8}.Release|Any CPU.ActiveCfg = Release|Any CPU
		{2D66401E-F715-431E-971A-9610821DF9B8}.Release|Any CPU.Build.0 = Release|Any CPU
		{2D66401E-F715-431E-971A-9610821DF9B8}.Release|x64.ActiveCfg = Release|Any CPU
		{2D66401E-F715-431E-971A-9610821DF9B8}.Release|x64.Build.0 = Release|Any CPU
		{2D66401E-F715-431E-971A-9610821DF9B8}.Release|x86.ActiveCfg = Release|Any CPU
		{2D66401E-F715-431E-971A-9610821DF9B8}.Release|x86.Build.0 = Release|Any CPU
	EndGlobalSection
	GlobalSection(SolutionProperties) = preSolution
		HideSolutionNode = FALSE
	EndGlobalSection
	GlobalSection(ExtensibilityGlobals) = postSolution
		SolutionGuid = {4BDE1193-FBB0-42AC-AF38-D8CD37CB61A1}
	EndGlobalSection
EndGlobal
