
Microsoft Visual Studio Solution File, Format Version 12.00
# Visual Studio Version 16
VisualStudioVersion = 16.0.29215.179
MinimumVisualStudioVersion = 15.0.26124.0
Project("{2150E333-8FDC-42A3-9474-1A3956D46DE8}") = "src", "src", "{B84B7E0F-C51B-4010-BF55-8C532969CC5D}"
EndProject
Project("{9A19103F-16F7-4668-BE54-9A1E7A4F7556}") = "WebApp30", "src\WebApp30\WebApp30.csproj", "{8ECD4060-FC99-43F1-8C85-F5B5FC7257EB}"
EndProject
Project("{E53339B2-1760-4266-BCC7-CA923CBCF16C}") = "docker-compose", "docker-compose.dcproj", "{10BCE21B-CE55-4C44-A23B-E90FB0741608}"
EndProject
Project("{2150E333-8FDC-42A3-9474-1A3956D46DE8}") = "test", "test", "{80B5160B-428B-4FF8-A8B1-03A55DC72861}"
EndProject
Project("{FAE04EC0-301F-11D3-BF4B-00C04F79EFBC}") = "WebApp30.UnitTests", "test\WebApp30.UnitTests\WebApp30.UnitTests.csproj", "{34CA605F-7D50-4C48-B6F8-797A5D9B8057}"
EndProject
Global
	GlobalSection(SolutionConfigurationPlatforms) = preSolution
		Debug|Any CPU = Debug|Any CPU
		Debug|x64 = Debug|x64
		Debug|x86 = Debug|x86
		Release|Any CPU = Release|Any CPU
		Release|x64 = Release|x64
		Release|x86 = Release|x86
	EndGlobalSection
	GlobalSection(ProjectConfigurationPlatforms) = postSolution
		{8ECD4060-FC99-43F1-8C85-F5B5FC7257EB}.Debug|Any CPU.ActiveCfg = Debug|Any CPU
		{8ECD4060-FC99-43F1-8C85-F5B5FC7257EB}.Debug|Any CPU.Build.0 = Debug|Any CPU
		{8ECD4060-FC99-43F1-8C85-F5B5FC7257EB}.Debug|x64.ActiveCfg = Debug|Any CPU
		{8ECD4060-FC99-43F1-8C85-F5B5FC7257EB}.Debug|x64.Build.0 = Debug|Any CPU
		{8ECD4060-FC99-43F1-8C85-F5B5FC7257EB}.Debug|x86.ActiveCfg = Debug|Any CPU
		{8ECD4060-FC99-43F1-8C85-F5B5FC7257EB}.Debug|x86.Build.0 = Debug|Any CPU
		{8ECD4060-FC99-43F1-8C85-F5B5FC7257EB}.Release|Any CPU.ActiveCfg = Release|Any CPU
		{8ECD4060-FC99-43F1-8C85-F5B5FC7257EB}.Release|Any CPU.Build.0 = Release|Any CPU
		{8ECD4060-FC99-43F1-8C85-F5B5FC7257EB}.Release|x64.ActiveCfg = Release|Any CPU
		{8ECD4060-FC99-43F1-8C85-F5B5FC7257EB}.Release|x64.Build.0 = Release|Any CPU
		{8ECD4060-FC99-43F1-8C85-F5B5FC7257EB}.Release|x86.ActiveCfg = Release|Any CPU
		{8ECD4060-FC99-43F1-8C85-F5B5FC7257EB}.Release|x86.Build.0 = Release|Any CPU
		{10BCE21B-CE55-4C44-A23B-E90FB0741608}.Debug|Any CPU.ActiveCfg = Debug|Any CPU
		{10BCE21B-CE55-4C44-A23B-E90FB0741608}.Debug|Any CPU.Build.0 = Debug|Any CPU
		{10BCE21B-CE55-4C44-A23B-E90FB0741608}.Debug|x64.ActiveCfg = Debug|Any CPU
		{10BCE21B-CE55-4C44-A23B-E90FB0741608}.Debug|x64.Build.0 = Debug|Any CPU
		{10BCE21B-CE55-4C44-A23B-E90FB0741608}.Debug|x86.ActiveCfg = Debug|Any CPU
		{10BCE21B-CE55-4C44-A23B-E90FB0741608}.Debug|x86.Build.0 = Debug|Any CPU
		{10BCE21B-CE55-4C44-A23B-E90FB0741608}.Release|Any CPU.ActiveCfg = Release|Any CPU
		{10BCE21B-CE55-4C44-A23B-E90FB0741608}.Release|Any CPU.Build.0 = Release|Any CPU
		{10BCE21B-CE55-4C44-A23B-E90FB0741608}.Release|x64.ActiveCfg = Release|Any CPU
		{10BCE21B-CE55-4C44-A23B-E90FB0741608}.Release|x64.Build.0 = Release|Any CPU
		{10BCE21B-CE55-4C44-A23B-E90FB0741608}.Release|x86.ActiveCfg = Release|Any CPU
		{10BCE21B-CE55-4C44-A23B-E90FB0741608}.Release|x86.Build.0 = Release|Any CPU
		{34CA605F-7D50-4C48-B6F8-797A5D9B8057}.Debug|Any CPU.ActiveCfg = Debug|Any CPU
		{34CA605F-7D50-4C48-B6F8-797A5D9B8057}.Debug|Any CPU.Build.0 = Debug|Any CPU
		{34CA605F-7D50-4C48-B6F8-797A5D9B8057}.Debug|x64.ActiveCfg = Debug|Any CPU
		{34CA605F-7D50-4C48-B6F8-797A5D9B8057}.Debug|x64.Build.0 = Debug|Any CPU
		{34CA605F-7D50-4C48-B6F8-797A5D9B8057}.Debug|x86.ActiveCfg = Debug|Any CPU
		{34CA605F-7D50-4C48-B6F8-797A5D9B8057}.Debug|x86.Build.0 = Debug|Any CPU
		{34CA605F-7D50-4C48-B6F8-797A5D9B8057}.Release|Any CPU.ActiveCfg = Release|Any CPU
		{34CA605F-7D50-4C48-B6F8-797A5D9B8057}.Release|Any CPU.Build.0 = Release|Any CPU
		{34CA605F-7D50-4C48-B6F8-797A5D9B8057}.Release|x64.ActiveCfg = Release|Any CPU
		{34CA605F-7D50-4C48-B6F8-797A5D9B8057}.Release|x64.Build.0 = Release|Any CPU
		{34CA605F-7D50-4C48-B6F8-797A5D9B8057}.Release|x86.ActiveCfg = Release|Any CPU
		{34CA605F-7D50-4C48-B6F8-797A5D9B8057}.Release|x86.Build.0 = Release|Any CPU
	EndGlobalSection
	GlobalSection(SolutionProperties) = preSolution
		HideSolutionNode = FALSE
	EndGlobalSection
	GlobalSection(NestedProjects) = preSolution
		{8ECD4060-FC99-43F1-8C85-F5B5FC7257EB} = {B84B7E0F-C51B-4010-BF55-8C532969CC5D}
		{34CA605F-7D50-4C48-B6F8-797A5D9B8057} = {80B5160B-428B-4FF8-A8B1-03A55DC72861}
	EndGlobalSection
	GlobalSection(ExtensibilityGlobals) = postSolution
		SolutionGuid = {A1A051C8-E2AE-4097-8DEF-B250038E7B9F}
	EndGlobalSection
EndGlobal
